
Microsoft Visual Studio Solution File, Format Version 12.00
# Visual Studio Version 17
VisualStudioVersion = 17.9.34701.34
MinimumVisualStudioVersion = 10.0.40219.1
Project("{FAE04EC0-301F-11D3-BF4B-00C04F79EFBC}") = "pr10", "pr10\pr10.csproj", "{08C468C6-6615-4907-8C9A-6C9B6D5AF1C8}"
EndProject
Global
	GlobalSection(SolutionConfigurationPlatforms) = preSolution
		Debug|Any CPU = Debug|Any CPU
		Release|Any CPU = Release|Any CPU
	EndGlobalSection
	GlobalSection(ProjectConfigurationPlatforms) = postSolution
		{08C468C6-6615-4907-8C9A-6C9B6D5AF1C8}.Debug|Any CPU.ActiveCfg = Debug|Any CPU
		{08C468C6-6615-4907-8C9A-6C9B6D5AF1C8}.Debug|Any CPU.Build.0 = Debug|Any CPU
		{08C468C6-6615-4907-8C9A-6C9B6D5AF1C8}.Release|Any CPU.ActiveCfg = Release|Any CPU
		{08C468C6-6615-4907-8C9A-6C9B6D5AF1C8}.Release|Any CPU.Build.0 = Release|Any CPU
	EndGlobalSection
	GlobalSection(SolutionProperties) = preSolution
		HideSolutionNode = FALSE
	EndGlobalSection
	GlobalSection(ExtensibilityGlobals) = postSolution
		SolutionGuid = {11F2D0EA-864B-4EA7-B508-86A58B6F4703}
	EndGlobalSection
EndGlobal
